
Microsoft Visual Studio Solution File, Format Version 12.00
# Visual Studio Version 17
VisualStudioVersion = 17.8.34309.116
MinimumVisualStudioVersion = 10.0.40219.1
Project("{9A19103F-16F7-4668-BE54-9A1E7A4F7556}") = "StrategyPattern_Example", "StrategyPattern_Example\StrategyPattern_Example.csproj", "{8D130DBB-6233-4855-BAC9-8A61F0A973B0}"
EndProject
Project("{9A19103F-16F7-4668-BE54-9A1E7A4F7556}") = "CommandPattern_Example", "CommandPattern_Example\CommandPattern_Example.csproj", "{230FC0F2-8600-4588-ACC3-13BAE6ACB699}"
EndProject
Project("{9A19103F-16F7-4668-BE54-9A1E7A4F7556}") = "StatePattern_Example", "StatePattern_Example\StatePattern_Example.csproj", "{288A240B-0ECA-4091-98AF-AA3BA70D04A3}"
EndProject
Project("{9A19103F-16F7-4668-BE54-9A1E7A4F7556}") = "BuilderPattern_Example", "BuilderPattern_Example\BuilderPattern_Example.csproj", "{793A4E6D-937C-4324-8192-1D7037E680D2}"
EndProject
Project("{9A19103F-16F7-4668-BE54-9A1E7A4F7556}") = "ProxyPattern_Example", "ProxyPattern_Example\ProxyPattern_Example.csproj", "{A0FC53DF-6075-4855-82A3-15CC619D1AFF}"
EndProject
Project("{FAE04EC0-301F-11D3-BF4B-00C04F79EFBC}") = "AdapterPattern_Example", "AdapterPattern_Example\AdapterPattern_Example.csproj", "{FD67AE1B-3AFE-4E47-8D74-CB51160C1E25}"
EndProject
Global
	GlobalSection(SolutionConfigurationPlatforms) = preSolution
		Debug|Any CPU = Debug|Any CPU
		Release|Any CPU = Release|Any CPU
	EndGlobalSection
	GlobalSection(ProjectConfigurationPlatforms) = postSolution
		{8D130DBB-6233-4855-BAC9-8A61F0A973B0}.Debug|Any CPU.ActiveCfg = Debug|Any CPU
		{8D130DBB-6233-4855-BAC9-8A61F0A973B0}.Debug|Any CPU.Build.0 = Debug|Any CPU
		{8D130DBB-6233-4855-BAC9-8A61F0A973B0}.Release|Any CPU.ActiveCfg = Release|Any CPU
		{8D130DBB-6233-4855-BAC9-8A61F0A973B0}.Release|Any CPU.Build.0 = Release|Any CPU
		{230FC0F2-8600-4588-ACC3-13BAE6ACB699}.Debug|Any CPU.ActiveCfg = Debug|Any CPU
		{230FC0F2-8600-4588-ACC3-13BAE6ACB699}.Debug|Any CPU.Build.0 = Debug|Any CPU
		{230FC0F2-8600-4588-ACC3-13BAE6ACB699}.Release|Any CPU.ActiveCfg = Release|Any CPU
		{230FC0F2-8600-4588-ACC3-13BAE6ACB699}.Release|Any CPU.Build.0 = Release|Any CPU
		{288A240B-0ECA-4091-98AF-AA3BA70D04A3}.Debug|Any CPU.ActiveCfg = Debug|Any CPU
		{288A240B-0ECA-4091-98AF-AA3BA70D04A3}.Debug|Any CPU.Build.0 = Debug|Any CPU
		{288A240B-0ECA-4091-98AF-AA3BA70D04A3}.Release|Any CPU.ActiveCfg = Release|Any CPU
		{288A240B-0ECA-4091-98AF-AA3BA70D04A3}.Release|Any CPU.Build.0 = Release|Any CPU
		{793A4E6D-937C-4324-8192-1D7037E680D2}.Debug|Any CPU.ActiveCfg = Debug|Any CPU
		{793A4E6D-937C-4324-8192-1D7037E680D2}.Debug|Any CPU.Build.0 = Debug|Any CPU
		{793A4E6D-937C-4324-8192-1D7037E680D2}.Release|Any CPU.ActiveCfg = Release|Any CPU
		{793A4E6D-937C-4324-8192-1D7037E680D2}.Release|Any CPU.Build.0 = Release|Any CPU
		{A0FC53DF-6075-4855-82A3-15CC619D1AFF}.Debug|Any CPU.ActiveCfg = Debug|Any CPU
		{A0FC53DF-6075-4855-82A3-15CC619D1AFF}.Debug|Any CPU.Build.0 = Debug|Any CPU
		{A0FC53DF-6075-4855-82A3-15CC619D1AFF}.Release|Any CPU.ActiveCfg = Release|Any CPU
		{A0FC53DF-6075-4855-82A3-15CC619D1AFF}.Release|Any CPU.Build.0 = Release|Any CPU
		{FD67AE1B-3AFE-4E47-8D74-CB51160C1E25}.Debug|Any CPU.ActiveCfg = Debug|Any CPU
		{FD67AE1B-3AFE-4E47-8D74-CB51160C1E25}.Debug|Any CPU.Build.0 = Debug|Any CPU
		{FD67AE1B-3AFE-4E47-8D74-CB51160C1E25}.Release|Any CPU.ActiveCfg = Release|Any CPU
		{FD67AE1B-3AFE-4E47-8D74-CB51160C1E25}.Release|Any CPU.Build.0 = Release|Any CPU
	EndGlobalSection
	GlobalSection(SolutionProperties) = preSolution
		HideSolutionNode = FALSE
	EndGlobalSection
	GlobalSection(ExtensibilityGlobals) = postSolution
		SolutionGuid = {B4E19FFB-734B-43F3-A140-994B732B6B32}
	EndGlobalSection
EndGlobal
