
Microsoft Visual Studio Solution File, Format Version 12.00
# Visual Studio Version 17
VisualStudioVersion = 17.8.34309.116
MinimumVisualStudioVersion = 10.0.40219.1
Project("{FAE04EC0-301F-11D3-BF4B-00C04F79EFBC}") = "StrategyPattern_Example", "StrategyPattern_Example\StrategyPattern_Example.csproj", "{8D130DBB-6233-4855-BAC9-8A61F0A973B0}"
EndProject
Project("{FAE04EC0-301F-11D3-BF4B-00C04F79EFBC}") = "CommandPattern_Example", "CommandPattern_Example\CommandPattern_Example.csproj", "{230FC0F2-8600-4588-ACC3-13BAE6ACB699}"
EndProject
Project("{FAE04EC0-301F-11D3-BF4B-00C04F79EFBC}") = "StatePattern_Example", "StatePattern_Example\StatePattern_Example.csproj", "{288A240B-0ECA-4091-98AF-AA3BA70D04A3}"
EndProject
Global
	GlobalSection(SolutionConfigurationPlatforms) = preSolution
		Debug|Any CPU = Debug|Any CPU
		Release|Any CPU = Release|Any CPU
	EndGlobalSection
	GlobalSection(ProjectConfigurationPlatforms) = postSolution
		{8D130DBB-6233-4855-BAC9-8A61F0A973B0}.Debug|Any CPU.ActiveCfg = Debug|Any CPU
		{8D130DBB-6233-4855-BAC9-8A61F0A973B0}.Debug|Any CPU.Build.0 = Debug|Any CPU
		{8D130DBB-6233-4855-BAC9-8A61F0A973B0}.Release|Any CPU.ActiveCfg = Release|Any CPU
		{8D130DBB-6233-4855-BAC9-8A61F0A973B0}.Release|Any CPU.Build.0 = Release|Any CPU
		{230FC0F2-8600-4588-ACC3-13BAE6ACB699}.Debug|Any CPU.ActiveCfg = Debug|Any CPU
		{230FC0F2-8600-4588-ACC3-13BAE6ACB699}.Debug|Any CPU.Build.0 = Debug|Any CPU
		{230FC0F2-8600-4588-ACC3-13BAE6ACB699}.Release|Any CPU.ActiveCfg = Release|Any CPU
		{230FC0F2-8600-4588-ACC3-13BAE6ACB699}.Release|Any CPU.Build.0 = Release|Any CPU
		{288A240B-0ECA-4091-98AF-AA3BA70D04A3}.Debug|Any CPU.ActiveCfg = Debug|Any CPU
		{288A240B-0ECA-4091-98AF-AA3BA70D04A3}.Debug|Any CPU.Build.0 = Debug|Any CPU
		{288A240B-0ECA-4091-98AF-AA3BA70D04A3}.Release|Any CPU.ActiveCfg = Release|Any CPU
		{288A240B-0ECA-4091-98AF-AA3BA70D04A3}.Release|Any CPU.Build.0 = Release|Any CPU
	EndGlobalSection
	GlobalSection(SolutionProperties) = preSolution
		HideSolutionNode = FALSE
	EndGlobalSection
	GlobalSection(ExtensibilityGlobals) = postSolution
		SolutionGuid = {B4E19FFB-734B-43F3-A140-994B732B6B32}
	EndGlobalSection
EndGlobal
